
Microsoft Visual Studio Solution File, Format Version 12.00
# Visual Studio Version 17
VisualStudioVersion = 17.8.34322.80
MinimumVisualStudioVersion = 10.0.40219.1
Project("{FAE04EC0-301F-11D3-BF4B-00C04F79EFBC}") = "XamarinImagePickerQs", "XamarinImagePickerQs\XamarinImagePickerQs.csproj", "{64A26530-CD50-478D-AF94-0519AB62B2ED}"
EndProject
Project("{FAE04EC0-301F-11D3-BF4B-00C04F79EFBC}") = "Net8ImagePickerQs", "Net8ImagePickerQs\Net8ImagePickerQs.csproj", "{CD6CBB72-922F-4C16-A0F7-4AF8AAB7927B}"
EndProject
Global
	GlobalSection(SolutionConfigurationPlatforms) = preSolution
		Debug|Any CPU = Debug|Any CPU
		Release|Any CPU = Release|Any CPU
	EndGlobalSection
	GlobalSection(ProjectConfigurationPlatforms) = postSolution
		{64A26530-CD50-478D-AF94-0519AB62B2ED}.Debug|Any CPU.ActiveCfg = Debug|Any CPU
		{64A26530-CD50-478D-AF94-0519AB62B2ED}.Debug|Any CPU.Build.0 = Debug|Any CPU
		{64A26530-CD50-478D-AF94-0519AB62B2ED}.Debug|Any CPU.Deploy.0 = Debug|Any CPU
		{64A26530-CD50-478D-AF94-0519AB62B2ED}.Release|Any CPU.ActiveCfg = Release|Any CPU
		{64A26530-CD50-478D-AF94-0519AB62B2ED}.Release|Any CPU.Build.0 = Release|Any CPU
		{64A26530-CD50-478D-AF94-0519AB62B2ED}.Release|Any CPU.Deploy.0 = Release|Any CPU
		{CD6CBB72-922F-4C16-A0F7-4AF8AAB7927B}.Debug|Any CPU.ActiveCfg = Debug|Any CPU
		{CD6CBB72-922F-4C16-A0F7-4AF8AAB7927B}.Debug|Any CPU.Build.0 = Debug|Any CPU
		{CD6CBB72-922F-4C16-A0F7-4AF8AAB7927B}.Debug|Any CPU.Deploy.0 = Debug|Any CPU
		{CD6CBB72-922F-4C16-A0F7-4AF8AAB7927B}.Release|Any CPU.ActiveCfg = Release|Any CPU
		{CD6CBB72-922F-4C16-A0F7-4AF8AAB7927B}.Release|Any CPU.Build.0 = Release|Any CPU
		{CD6CBB72-922F-4C16-A0F7-4AF8AAB7927B}.Release|Any CPU.Deploy.0 = Release|Any CPU
	EndGlobalSection
	GlobalSection(SolutionProperties) = preSolution
		HideSolutionNode = FALSE
	EndGlobalSection
	GlobalSection(ExtensibilityGlobals) = postSolution
		SolutionGuid = {75A6B70B-7F56-43C1-8F6A-9CC657AA30D1}
	EndGlobalSection
EndGlobal
